
Microsoft Visual Studio Solution File, Format Version 10.00
# Visual Studio 2008
Project("{2857B73E-F847-4B02-9238-064979017E93}") = "Tubs", "Tubs.cproj", "{4ED82710-810F-4806-AFE7-FCECD699DCB0}"
EndProject
Global
	GlobalSection(SolutionConfigurationPlatforms) = preSolution
		Debug|Any CPU = Debug|Any CPU
		Release|Any CPU = Release|Any CPU
	EndGlobalSection
	GlobalSection(ProjectConfigurationPlatforms) = postSolution
		{4ED82710-810F-4806-AFE7-FCECD699DCB0}.Debug|Any CPU.ActiveCfg = Debug|Any CPU
		{4ED82710-810F-4806-AFE7-FCECD699DCB0}.Debug|Any CPU.Build.0 = Debug|Any CPU
		{4ED82710-810F-4806-AFE7-FCECD699DCB0}.Release|Any CPU.ActiveCfg = Release|Any CPU
		{4ED82710-810F-4806-AFE7-FCECD699DCB0}.Release|Any CPU.Build.0 = Release|Any CPU
	EndGlobalSection
	GlobalSection(MonoDevelopProperties) = preSolution
		StartupItem = Tubs.cproj
	EndGlobalSection
EndGlobal
